PODS:
  - Capacitor (5.7.1):
    - CapacitorCordova
  - CapacitorCordova (5.7.1)

DEPENDENCIES:
  - "Capacitor (from `../../node_modules/.pnpm/@capacitor+ios@5.7.1_@capacitor+core@5.7.1/node_modules/@capacitor/ios`)"
  - "CapacitorCordova (from `../../node_modules/.pnpm/@capacitor+ios@5.7.1_@capacitor+core@5.7.1/node_modules/@capacitor/ios`)"

EXTERNAL SOURCES:
  Capacitor:
    :path: "../../node_modules/.pnpm/@capacitor+ios@5.7.1_@capacitor+core@5.7.1/node_modules/@capacitor/ios"
  CapacitorCordova:
    :path: "../../node_modules/.pnpm/@capacitor+ios@5.7.1_@capacitor+core@5.7.1/node_modules/@capacitor/ios"

SPEC CHECKSUMS:
  Capacitor: 6bd16626bc7a4a382eff16f6aed0072fe9776951
  CapacitorCordova: b49f3372270c88fd9c633a4fc8c7ef00e47dd2d6

PODFILE CHECKSUM: 3c54df8d16f251a93e9679f45acc0c1932804182

COCOAPODS: 1.14.3
